schema: '2.0'
stages:
  mlops-poc:
    cmd: papermill notebooks/stock_up_down_parametrize.ipynb artifact_dir/notebooks/stock_up_down_parametrize_out.ipynb
      -p seed GOLD -p EXPERIMENT stock_up_down -p RUN_NAME initial_assessment -p GAMMA
      2 -p C_VALUE 1 -p N_NEIGHBORS 5 -p N_ESTIMATORS 100
    deps:
    - path: datadir/input
      md5: c36e22a5ef7f4d7f64d4f858939fe84c.dir
      size: 104172
      nfiles: 5
    - path: notebooks/logger.py
      md5: 1306dbc3da2e770edd1d1a48f269d10c
      size: 314
    - path: notebooks/stock_up_down_parametrize.ipynb
      md5: 9f160b8dc9f6aaa0936972dc0e3f3b57
      size: 574310
    - path: notebooks/utils.py
      md5: 132e19070815083ce34e3d5ee0f5dd76
      size: 5749
    outs:
    - path: artifact_dir/metrics
      md5: 585ea71e2665b6bc1926112973b7e5ea.dir
      size: 473
      nfiles: 5
    - path: artifact_dir/models
      md5: 226ebe44d94d820697f1595424379a6e.dir
      size: 2000244
      nfiles: 5
    - path: artifact_dir/plots
      md5: f66f9e84dfd6aabdbc891573eec14fb0.dir
      size: 275594
      nfiles: 10
